
Microsoft Visual Studio Solution File, Format Version 12.00
# Visual Studio Version 16
VisualStudioVersion = 16.0.29102.190
MinimumVisualStudioVersion = 10.0.40219.1
Project("{FAE04EC0-301F-11D3-BF4B-00C04F79EFBC}") = "RPGCharacterCreator", "RPGCharacterCreator\RPGCharacterCreator.csproj", "{8DF0F8EC-286D-45AC-BCCE-DC7043EAA5E2}"
EndProject
Project("{FAE04EC0-301F-11D3-BF4B-00C04F79EFBC}") = "RPGCharacterCreator.Classes", "RPGCharacterCreator.Classes\RPGCharacterCreator.Classes.csproj", "{1589417B-DFFF-40ED-B9DC-4764D0BB5DE8}"
EndProject
Project("{FAE04EC0-301F-11D3-BF4B-00C04F79EFBC}") = "RPGCharacterCreator.Console", "RPGCharacterCreator.Console\RPGCharacterCreator.Console.csproj", "{5791DAE5-A545-4140-B207-92F063190B79}"
EndProject
Global
	GlobalSection(SolutionConfigurationPlatforms) = preSolution
		Debug|Any CPU = Debug|Any CPU
		Release|Any CPU = Release|Any CPU
	EndGlobalSection
	GlobalSection(ProjectConfigurationPlatforms) = postSolution
		{8DF0F8EC-286D-45AC-BCCE-DC7043EAA5E2}.Debug|Any CPU.ActiveCfg = Debug|Any CPU
		{8DF0F8EC-286D-45AC-BCCE-DC7043EAA5E2}.Debug|Any CPU.Build.0 = Debug|Any CPU
		{8DF0F8EC-286D-45AC-BCCE-DC7043EAA5E2}.Release|Any CPU.ActiveCfg = Release|Any CPU
		{8DF0F8EC-286D-45AC-BCCE-DC7043EAA5E2}.Release|Any CPU.Build.0 = Release|Any CPU
		{1589417B-DFFF-40ED-B9DC-4764D0BB5DE8}.Debug|Any CPU.ActiveCfg = Debug|Any CPU
		{1589417B-DFFF-40ED-B9DC-4764D0BB5DE8}.Debug|Any CPU.Build.0 = Debug|Any CPU
		{1589417B-DFFF-40ED-B9DC-4764D0BB5DE8}.Release|Any CPU.ActiveCfg = Release|Any CPU
		{1589417B-DFFF-40ED-B9DC-4764D0BB5DE8}.Release|Any CPU.Build.0 = Release|Any CPU
		{5791DAE5-A545-4140-B207-92F063190B79}.Debug|Any CPU.ActiveCfg = Debug|Any CPU
		{5791DAE5-A545-4140-B207-92F063190B79}.Debug|Any CPU.Build.0 = Debug|Any CPU
		{5791DAE5-A545-4140-B207-92F063190B79}.Release|Any CPU.ActiveCfg = Release|Any CPU
		{5791DAE5-A545-4140-B207-92F063190B79}.Release|Any CPU.Build.0 = Release|Any CPU
	EndGlobalSection
	GlobalSection(SolutionProperties) = preSolution
		HideSolutionNode = FALSE
	EndGlobalSection
	GlobalSection(ExtensibilityGlobals) = postSolution
		SolutionGuid = {B0FAA098-C98C-4EE9-893C-F19C2D3B84A3}
	EndGlobalSection
EndGlobal
